
Microsoft Visual Studio Solution File, Format Version 12.00
# Visual Studio Version 17
VisualStudioVersion = 17.7.33711.374
MinimumVisualStudioVersion = 10.0.40219.1
Project("{FAE04EC0-301F-11D3-BF4B-00C04F79EFBC}") = "ConsoleTesteNUnit", "ConsoleTesteNUnit.csproj", "{8F008D2E-77DB-4E63-ABD0-28CF0C915BD6}"
EndProject
Project("{FAE04EC0-301F-11D3-BF4B-00C04F79EFBC}") = "APPTestNUnit", "..\APPTestNUnit\APPTestNUnit.csproj", "{D6D8193E-2758-4C53-9F56-A55264974CDC}"
EndProject
Global
	GlobalSection(SolutionConfigurationPlatforms) = preSolution
		Debug|Any CPU = Debug|Any CPU
		Release|Any CPU = Release|Any CPU
	EndGlobalSection
	GlobalSection(ProjectConfigurationPlatforms) = postSolution
		{8F008D2E-77DB-4E63-ABD0-28CF0C915BD6}.Debug|Any CPU.ActiveCfg = Debug|Any CPU
		{8F008D2E-77DB-4E63-ABD0-28CF0C915BD6}.Debug|Any CPU.Build.0 = Debug|Any CPU
		{8F008D2E-77DB-4E63-ABD0-28CF0C915BD6}.Release|Any CPU.ActiveCfg = Release|Any CPU
		{8F008D2E-77DB-4E63-ABD0-28CF0C915BD6}.Release|Any CPU.Build.0 = Release|Any CPU
		{D6D8193E-2758-4C53-9F56-A55264974CDC}.Debug|Any CPU.ActiveCfg = Debug|Any CPU
		{D6D8193E-2758-4C53-9F56-A55264974CDC}.Debug|Any CPU.Build.0 = Debug|Any CPU
		{D6D8193E-2758-4C53-9F56-A55264974CDC}.Release|Any CPU.ActiveCfg = Release|Any CPU
		{D6D8193E-2758-4C53-9F56-A55264974CDC}.Release|Any CPU.Build.0 = Release|Any CPU
	EndGlobalSection
	GlobalSection(SolutionProperties) = preSolution
		HideSolutionNode = FALSE
	EndGlobalSection
	GlobalSection(ExtensibilityGlobals) = postSolution
		SolutionGuid = {1DBE8636-5C43-4F1E-9BBF-82F2E8203E80}
	EndGlobalSection
EndGlobal
